
Microsoft Visual Studio Solution File, Format Version 12.00
# Visual Studio Version 16
VisualStudioVersion = 16.0.29215.179
MinimumVisualStudioVersion = 10.0.40219.1
Project("{FAE04EC0-301F-11D3-BF4B-00C04F79EFBC}") = "Itse1430.Maze", "Itse1430.Maze\Itse1430.Maze.csproj", "{E53ED779-14A8-4C66-9531-60484D91515F}"
EndProject
Global
	GlobalSection(SolutionConfigurationPlatforms) = preSolution
		Debug|Any CPU = Debug|Any CPU
		Release|Any CPU = Release|Any CPU
	EndGlobalSection
	GlobalSection(ProjectConfigurationPlatforms) = postSolution
		{E53ED779-14A8-4C66-9531-60484D91515F}.Debug|Any CPU.ActiveCfg = Debug|Any CPU
		{E53ED779-14A8-4C66-9531-60484D91515F}.Debug|Any CPU.Build.0 = Debug|Any CPU
		{E53ED779-14A8-4C66-9531-60484D91515F}.Release|Any CPU.ActiveCfg = Release|Any CPU
		{E53ED779-14A8-4C66-9531-60484D91515F}.Release|Any CPU.Build.0 = Release|Any CPU
	EndGlobalSection
	GlobalSection(SolutionProperties) = preSolution
		HideSolutionNode = FALSE
	EndGlobalSection
	GlobalSection(ExtensibilityGlobals) = postSolution
		SolutionGuid = {D3615810-21C7-43FC-AC8C-5FED7158950E}
	EndGlobalSection
EndGlobal
