
Microsoft Visual Studio Solution File, Format Version 12.00
# Visual Studio Version 16
VisualStudioVersion = 16.0.29102.190
MinimumVisualStudioVersion = 10.0.40219.1
Project("{FAE04EC0-301F-11D3-BF4B-00C04F79EFBC}") = "Itse1430.MovieLib.Host", "Itse1430.MovieLib.Host\Itse1430.MovieLib.Host.csproj", "{8A189255-EDAC-4C14-95FC-3BA0C385039F}"
EndProject
Project("{FAE04EC0-301F-11D3-BF4B-00C04F79EFBC}") = "Itse1430.MovieLib", "Itse1430.MovieLib\Itse1430.MovieLib.csproj", "{D8D413C5-9F77-46AF-935E-0B4E758F1F46}"
EndProject
Global
	GlobalSection(SolutionConfigurationPlatforms) = preSolution
		Debug|Any CPU = Debug|Any CPU
		Release|Any CPU = Release|Any CPU
	EndGlobalSection
	GlobalSection(ProjectConfigurationPlatforms) = postSolution
		{8A189255-EDAC-4C14-95FC-3BA0C385039F}.Debug|Any CPU.ActiveCfg = Debug|Any CPU
		{8A189255-EDAC-4C14-95FC-3BA0C385039F}.Debug|Any CPU.Build.0 = Debug|Any CPU
		{8A189255-EDAC-4C14-95FC-3BA0C385039F}.Release|Any CPU.ActiveCfg = Release|Any CPU
		{8A189255-EDAC-4C14-95FC-3BA0C385039F}.Release|Any CPU.Build.0 = Release|Any CPU
		{D8D413C5-9F77-46AF-935E-0B4E758F1F46}.Debug|Any CPU.ActiveCfg = Debug|Any CPU
		{D8D413C5-9F77-46AF-935E-0B4E758F1F46}.Debug|Any CPU.Build.0 = Debug|Any CPU
		{D8D413C5-9F77-46AF-935E-0B4E758F1F46}.Release|Any CPU.ActiveCfg = Release|Any CPU
		{D8D413C5-9F77-46AF-935E-0B4E758F1F46}.Release|Any CPU.Build.0 = Release|Any CPU
	EndGlobalSection
	GlobalSection(SolutionProperties) = preSolution
		HideSolutionNode = FALSE
	EndGlobalSection
	GlobalSection(ExtensibilityGlobals) = postSolution
		SolutionGuid = {E2069C73-A896-46E1-9250-7B53E96DAD31}
	EndGlobalSection
EndGlobal
